
Microsoft Visual Studio Solution File, Format Version 12.00
# Visual Studio Version 17
VisualStudioVersion = 17.0.31903.59
MinimumVisualStudioVersion = 10.0.40219.1
Project("{2150E333-8FDC-42A3-9474-1A3956D46DE8}") = "src", "src", "{43E3DA8A-B363-4609-9735-75814FD3DCCD}"
EndProject
Project("{FAE04EC0-301F-11D3-BF4B-00C04F79EFBC}") = "MhwDpsMeter", "src\MhwDpsMeter\MhwDpsMeter.csproj", "{2B4D3240-F407-4248-AA4A-AC4CCD1C4D71}"
EndProject
Global
	GlobalSection(SolutionConfigurationPlatforms) = preSolution
		Debug|Any CPU = Debug|Any CPU
		Release|Any CPU = Release|Any CPU
	EndGlobalSection
	GlobalSection(SolutionProperties) = preSolution
		HideSolutionNode = FALSE
	EndGlobalSection
	GlobalSection(ProjectConfigurationPlatforms) = postSolution
		{2B4D3240-F407-4248-AA4A-AC4CCD1C4D71}.Debug|Any CPU.ActiveCfg = Debug|Any CPU
		{2B4D3240-F407-4248-AA4A-AC4CCD1C4D71}.Debug|Any CPU.Build.0 = Debug|Any CPU
		{2B4D3240-F407-4248-AA4A-AC4CCD1C4D71}.Release|Any CPU.ActiveCfg = Release|Any CPU
		{2B4D3240-F407-4248-AA4A-AC4CCD1C4D71}.Release|Any CPU.Build.0 = Release|Any CPU
	EndGlobalSection
	GlobalSection(NestedProjects) = preSolution
		{2B4D3240-F407-4248-AA4A-AC4CCD1C4D71} = {43E3DA8A-B363-4609-9735-75814FD3DCCD}
	EndGlobalSection
EndGlobal
